
Microsoft Visual Studio Solution File, Format Version 12.00
# Visual Studio 15
VisualStudioVersion = 15.0.28307.1401
MinimumVisualStudioVersion = 10.0.40219.1
Project("{FAE04EC0-301F-11D3-BF4B-00C04F79EFBC}") = "DxImageDownloadBot", "DxImageDownloadBot\DxImageDownloadBot.csproj", "{2772CEA7-8D65-455E-A086-A4553A2626E1}"
EndProject
Global
	GlobalSection(SolutionConfigurationPlatforms) = preSolution
		Debug|Any CPU = Debug|Any CPU
		Release|Any CPU = Release|Any CPU
	EndGlobalSection
	GlobalSection(ProjectConfigurationPlatforms) = postSolution
		{2772CEA7-8D65-455E-A086-A4553A2626E1}.Debug|Any CPU.ActiveCfg = Debug|Any CPU
		{2772CEA7-8D65-455E-A086-A4553A2626E1}.Debug|Any CPU.Build.0 = Debug|Any CPU
		{2772CEA7-8D65-455E-A086-A4553A2626E1}.Release|Any CPU.ActiveCfg = Release|Any CPU
		{2772CEA7-8D65-455E-A086-A4553A2626E1}.Release|Any CPU.Build.0 = Release|Any CPU
	EndGlobalSection
	GlobalSection(SolutionProperties) = preSolution
		HideSolutionNode = FALSE
	EndGlobalSection
	GlobalSection(ExtensibilityGlobals) = postSolution
		SolutionGuid = {7FFB829F-E231-40D4-87C8-55E53A48CB65}
	EndGlobalSection
EndGlobal
